
Microsoft Visual Studio Solution File, Format Version 12.00
# Visual Studio Version 17
VisualStudioVersion = 17.10.35122.118
MinimumVisualStudioVersion = 10.0.40219.1
Project("{FAE04EC0-301F-11D3-BF4B-00C04F79EFBC}") = "LightningPlus", "LightningPlus\LightningPlus.csproj", "{2DA1FC7B-F2BA-43BC-9282-64A02C644F28}"
EndProject
Global
	GlobalSection(SolutionConfigurationPlatforms) = preSolution
		Debug|Any CPU = Debug|Any CPU
		Release|Any CPU = Release|Any CPU
	EndGlobalSection
	GlobalSection(ProjectConfigurationPlatforms) = postSolution
		{2DA1FC7B-F2BA-43BC-9282-64A02C644F28}.Debug|Any CPU.ActiveCfg = Debug|Any CPU
		{2DA1FC7B-F2BA-43BC-9282-64A02C644F28}.Debug|Any CPU.Build.0 = Debug|Any CPU
		{2DA1FC7B-F2BA-43BC-9282-64A02C644F28}.Release|Any CPU.ActiveCfg = Release|Any CPU
		{2DA1FC7B-F2BA-43BC-9282-64A02C644F28}.Release|Any CPU.Build.0 = Release|Any CPU
	EndGlobalSection
	GlobalSection(SolutionProperties) = preSolution
		HideSolutionNode = FALSE
	EndGlobalSection
	GlobalSection(ExtensibilityGlobals) = postSolution
		SolutionGuid = {4E87736E-5193-41D3-9745-353D3A3548F3}
	EndGlobalSection
EndGlobal
